
Microsoft Visual Studio Solution File, Format Version 12.00
# Visual Studio Version 17
VisualStudioVersion = 17.11.35312.102
MinimumVisualStudioVersion = 10.0.40219.1
Project("{FAE04EC0-301F-11D3-BF4B-00C04F79EFBC}") = "10-3", "10-3\10-3.csproj", "{DC286C84-3E02-4A9C-A899-3655600ADA67}"
EndProject
Global
	GlobalSection(SolutionConfigurationPlatforms) = preSolution
		Debug|Any CPU = Debug|Any CPU
		Release|Any CPU = Release|Any CPU
	EndGlobalSection
	GlobalSection(ProjectConfigurationPlatforms) = postSolution
		{DC286C84-3E02-4A9C-A899-3655600ADA67}.Debug|Any CPU.ActiveCfg = Debug|Any CPU
		{DC286C84-3E02-4A9C-A899-3655600ADA67}.Debug|Any CPU.Build.0 = Debug|Any CPU
		{DC286C84-3E02-4A9C-A899-3655600ADA67}.Release|Any CPU.ActiveCfg = Release|Any CPU
		{DC286C84-3E02-4A9C-A899-3655600ADA67}.Release|Any CPU.Build.0 = Release|Any CPU
	EndGlobalSection
	GlobalSection(SolutionProperties) = preSolution
		HideSolutionNode = FALSE
	EndGlobalSection
	GlobalSection(ExtensibilityGlobals) = postSolution
		SolutionGuid = {09B62100-0F75-400D-A1EE-32E630E497F9}
	EndGlobalSection
EndGlobal
