
Microsoft Visual Studio Solution File, Format Version 12.00
# Visual Studio Version 17
VisualStudioVersion = 17.11.35312.102
MinimumVisualStudioVersion = 10.0.40219.1
Project("{FAE04EC0-301F-11D3-BF4B-00C04F79EFBC}") = "6.2 zadanie", "6.2 zadanie\6.2 zadanie.csproj", "{9FF93255-CAB6-4741-8E98-B27668E54A96}"
EndProject
Global
	GlobalSection(SolutionConfigurationPlatforms) = preSolution
		Debug|Any CPU = Debug|Any CPU
		Release|Any CPU = Release|Any CPU
	EndGlobalSection
	GlobalSection(ProjectConfigurationPlatforms) = postSolution
		{9FF93255-CAB6-4741-8E98-B27668E54A96}.Debug|Any CPU.ActiveCfg = Debug|Any CPU
		{9FF93255-CAB6-4741-8E98-B27668E54A96}.Debug|Any CPU.Build.0 = Debug|Any CPU
		{9FF93255-CAB6-4741-8E98-B27668E54A96}.Release|Any CPU.ActiveCfg = Release|Any CPU
		{9FF93255-CAB6-4741-8E98-B27668E54A96}.Release|Any CPU.Build.0 = Release|Any CPU
	EndGlobalSection
	GlobalSection(SolutionProperties) = preSolution
		HideSolutionNode = FALSE
	EndGlobalSection
	GlobalSection(ExtensibilityGlobals) = postSolution
		SolutionGuid = {4FBD8986-0107-48D1-8D62-004B2C3F74D5}
	EndGlobalSection
EndGlobal
