
Microsoft Visual Studio Solution File, Format Version 12.00
# Visual Studio Version 17
VisualStudioVersion = 17.7.34031.279
MinimumVisualStudioVersion = 10.0.40219.1
Project("{FAE04EC0-301F-11D3-BF4B-00C04F79EFBC}") = "7.3", "7.3\7.3.csproj", "{A78D3AB4-E295-419C-B261-1EE6469998A3}"
EndProject
Global
	GlobalSection(SolutionConfigurationPlatforms) = preSolution
		Debug|Any CPU = Debug|Any CPU
		Release|Any CPU = Release|Any CPU
	EndGlobalSection
	GlobalSection(ProjectConfigurationPlatforms) = postSolution
		{A78D3AB4-E295-419C-B261-1EE6469998A3}.Debug|Any CPU.ActiveCfg = Debug|Any CPU
		{A78D3AB4-E295-419C-B261-1EE6469998A3}.Debug|Any CPU.Build.0 = Debug|Any CPU
		{A78D3AB4-E295-419C-B261-1EE6469998A3}.Release|Any CPU.ActiveCfg = Release|Any CPU
		{A78D3AB4-E295-419C-B261-1EE6469998A3}.Release|Any CPU.Build.0 = Release|Any CPU
	EndGlobalSection
	GlobalSection(SolutionProperties) = preSolution
		HideSolutionNode = FALSE
	EndGlobalSection
	GlobalSection(ExtensibilityGlobals) = postSolution
		SolutionGuid = {3EEA608F-B66D-4125-93EA-A95144E1B8AE}
	EndGlobalSection
EndGlobal
