
Microsoft Visual Studio Solution File, Format Version 12.00
# Visual Studio Version 17
VisualStudioVersion = 17.11.35312.102
MinimumVisualStudioVersion = 10.0.40219.1
Project("{FAE04EC0-301F-11D3-BF4B-00C04F79EFBC}") = "1 zadanie", "1 zadanie\1 zadanie.csproj", "{A456AC05-852B-4B52-8DDD-3A5D12D5D974}"
EndProject
Global
	GlobalSection(SolutionConfigurationPlatforms) = preSolution
		Debug|Any CPU = Debug|Any CPU
		Release|Any CPU = Release|Any CPU
	EndGlobalSection
	GlobalSection(ProjectConfigurationPlatforms) = postSolution
		{A456AC05-852B-4B52-8DDD-3A5D12D5D974}.Debug|Any CPU.ActiveCfg = Debug|Any CPU
		{A456AC05-852B-4B52-8DDD-3A5D12D5D974}.Debug|Any CPU.Build.0 = Debug|Any CPU
		{A456AC05-852B-4B52-8DDD-3A5D12D5D974}.Release|Any CPU.ActiveCfg = Release|Any CPU
		{A456AC05-852B-4B52-8DDD-3A5D12D5D974}.Release|Any CPU.Build.0 = Release|Any CPU
	EndGlobalSection
	GlobalSection(SolutionProperties) = preSolution
		HideSolutionNode = FALSE
	EndGlobalSection
	GlobalSection(ExtensibilityGlobals) = postSolution
		SolutionGuid = {8496E280-AE51-48EC-9FCC-2AFEA86EFE5A}
	EndGlobalSection
EndGlobal
