
Microsoft Visual Studio Solution File, Format Version 12.00
# Visual Studio Version 17
VisualStudioVersion = 17.11.35312.102
MinimumVisualStudioVersion = 10.0.40219.1
Project("{FAE04EC0-301F-11D3-BF4B-00C04F79EFBC}") = "BullsAndCows", "BullsAndCows\BullsAndCows.csproj", "{B8ED1E0C-FC43-4029-91CF-2C0458FC4BE9}"
EndProject
Global
	GlobalSection(SolutionConfigurationPlatforms) = preSolution
		Debug|Any CPU = Debug|Any CPU
		Release|Any CPU = Release|Any CPU
	EndGlobalSection
	GlobalSection(ProjectConfigurationPlatforms) = postSolution
		{B8ED1E0C-FC43-4029-91CF-2C0458FC4BE9}.Debug|Any CPU.ActiveCfg = Debug|Any CPU
		{B8ED1E0C-FC43-4029-91CF-2C0458FC4BE9}.Debug|Any CPU.Build.0 = Debug|Any CPU
		{B8ED1E0C-FC43-4029-91CF-2C0458FC4BE9}.Release|Any CPU.ActiveCfg = Release|Any CPU
		{B8ED1E0C-FC43-4029-91CF-2C0458FC4BE9}.Release|Any CPU.Build.0 = Release|Any CPU
	EndGlobalSection
	GlobalSection(SolutionProperties) = preSolution
		HideSolutionNode = FALSE
	EndGlobalSection
	GlobalSection(ExtensibilityGlobals) = postSolution
		SolutionGuid = {1D590C10-56F3-41F3-BD83-76AF3D589F37}
	EndGlobalSection
EndGlobal
