
Microsoft Visual Studio Solution File, Format Version 12.00
# Visual Studio Version 17
VisualStudioVersion = 17.11.35312.102
MinimumVisualStudioVersion = 10.0.40219.1
Project("{FAE04EC0-301F-11D3-BF4B-00C04F79EFBC}") = "BundleStruct", "BundleStruct\BundleStruct.csproj", "{52C5239A-5B6B-4366-988D-38AD4EC49654}"
EndProject
Project("{FAE04EC0-301F-11D3-BF4B-00C04F79EFBC}") = "BundleStruct.UnitTests", "BundleStruct.UnitTests\BundleStruct.UnitTests.csproj", "{B7897CA4-68BD-4822-8A21-B39F1A1BAB98}"
EndProject
Global
	GlobalSection(SolutionConfigurationPlatforms) = preSolution
		Debug|Any CPU = Debug|Any CPU
		Release|Any CPU = Release|Any CPU
	EndGlobalSection
	GlobalSection(ProjectConfigurationPlatforms) = postSolution
		{52C5239A-5B6B-4366-988D-38AD4EC49654}.Debug|Any CPU.ActiveCfg = Debug|Any CPU
		{52C5239A-5B6B-4366-988D-38AD4EC49654}.Debug|Any CPU.Build.0 = Debug|Any CPU
		{52C5239A-5B6B-4366-988D-38AD4EC49654}.Release|Any CPU.ActiveCfg = Release|Any CPU
		{52C5239A-5B6B-4366-988D-38AD4EC49654}.Release|Any CPU.Build.0 = Release|Any CPU
		{B7897CA4-68BD-4822-8A21-B39F1A1BAB98}.Debug|Any CPU.ActiveCfg = Debug|Any CPU
		{B7897CA4-68BD-4822-8A21-B39F1A1BAB98}.Debug|Any CPU.Build.0 = Debug|Any CPU
		{B7897CA4-68BD-4822-8A21-B39F1A1BAB98}.Release|Any CPU.ActiveCfg = Release|Any CPU
		{B7897CA4-68BD-4822-8A21-B39F1A1BAB98}.Release|Any CPU.Build.0 = Release|Any CPU
	EndGlobalSection
	GlobalSection(SolutionProperties) = preSolution
		HideSolutionNode = FALSE
	EndGlobalSection
	GlobalSection(ExtensibilityGlobals) = postSolution
		SolutionGuid = {CB2073C2-8C16-4079-921A-F1D21870A996}
	EndGlobalSection
EndGlobal
