
Microsoft Visual Studio Solution File, Format Version 12.00
# Visual Studio Version 17
VisualStudioVersion = 17.11.35312.102
MinimumVisualStudioVersion = 10.0.40219.1
Project("{FAE04EC0-301F-11D3-BF4B-00C04F79EFBC}") = "10-2", "10-2\10-2.csproj", "{ED50F93B-619D-4A41-9976-670BFD473FDB}"
EndProject
Global
	GlobalSection(SolutionConfigurationPlatforms) = preSolution
		Debug|Any CPU = Debug|Any CPU
		Release|Any CPU = Release|Any CPU
	EndGlobalSection
	GlobalSection(ProjectConfigurationPlatforms) = postSolution
		{ED50F93B-619D-4A41-9976-670BFD473FDB}.Debug|Any CPU.ActiveCfg = Debug|Any CPU
		{ED50F93B-619D-4A41-9976-670BFD473FDB}.Debug|Any CPU.Build.0 = Debug|Any CPU
		{ED50F93B-619D-4A41-9976-670BFD473FDB}.Release|Any CPU.ActiveCfg = Release|Any CPU
		{ED50F93B-619D-4A41-9976-670BFD473FDB}.Release|Any CPU.Build.0 = Release|Any CPU
	EndGlobalSection
	GlobalSection(SolutionProperties) = preSolution
		HideSolutionNode = FALSE
	EndGlobalSection
	GlobalSection(ExtensibilityGlobals) = postSolution
		SolutionGuid = {A0747F90-DEE8-40A5-BAAA-CF74BAE0EA9F}
	EndGlobalSection
EndGlobal
