
Microsoft Visual Studio Solution File, Format Version 12.00
# Visual Studio Version 17
VisualStudioVersion = 17.11.35312.102
MinimumVisualStudioVersion = 10.0.40219.1
Project("{FAE04EC0-301F-11D3-BF4B-00C04F79EFBC}") = "6 zadanie", "6 zadanie\6 zadanie.csproj", "{4F79335E-D7A8-4F62-A7DC-8FB13442F98B}"
EndProject
Global
	GlobalSection(SolutionConfigurationPlatforms) = preSolution
		Debug|Any CPU = Debug|Any CPU
		Release|Any CPU = Release|Any CPU
	EndGlobalSection
	GlobalSection(ProjectConfigurationPlatforms) = postSolution
		{4F79335E-D7A8-4F62-A7DC-8FB13442F98B}.Debug|Any CPU.ActiveCfg = Debug|Any CPU
		{4F79335E-D7A8-4F62-A7DC-8FB13442F98B}.Debug|Any CPU.Build.0 = Debug|Any CPU
		{4F79335E-D7A8-4F62-A7DC-8FB13442F98B}.Release|Any CPU.ActiveCfg = Release|Any CPU
		{4F79335E-D7A8-4F62-A7DC-8FB13442F98B}.Release|Any CPU.Build.0 = Release|Any CPU
	EndGlobalSection
	GlobalSection(SolutionProperties) = preSolution
		HideSolutionNode = FALSE
	EndGlobalSection
	GlobalSection(ExtensibilityGlobals) = postSolution
		SolutionGuid = {F28DE34B-351C-4D2C-B51F-CCD481F7749F}
	EndGlobalSection
EndGlobal
