
Microsoft Visual Studio Solution File, Format Version 12.00
# Visual Studio Version 17
VisualStudioVersion = 17.7.34031.279
MinimumVisualStudioVersion = 10.0.40219.1
Project("{FAE04EC0-301F-11D3-BF4B-00C04F79EFBC}") = "333", "333\333.csproj", "{5B414D56-A262-4AD7-BB78-4F86B932CB07}"
EndProject
Global
	GlobalSection(SolutionConfigurationPlatforms) = preSolution
		Debug|Any CPU = Debug|Any CPU
		Release|Any CPU = Release|Any CPU
	EndGlobalSection
	GlobalSection(ProjectConfigurationPlatforms) = postSolution
		{5B414D56-A262-4AD7-BB78-4F86B932CB07}.Debug|Any CPU.ActiveCfg = Debug|Any CPU
		{5B414D56-A262-4AD7-BB78-4F86B932CB07}.Debug|Any CPU.Build.0 = Debug|Any CPU
		{5B414D56-A262-4AD7-BB78-4F86B932CB07}.Release|Any CPU.ActiveCfg = Release|Any CPU
		{5B414D56-A262-4AD7-BB78-4F86B932CB07}.Release|Any CPU.Build.0 = Release|Any CPU
	EndGlobalSection
	GlobalSection(SolutionProperties) = preSolution
		HideSolutionNode = FALSE
	EndGlobalSection
	GlobalSection(ExtensibilityGlobals) = postSolution
		SolutionGuid = {35F1CA08-437C-40E4-AF7F-D07DAF181F63}
	EndGlobalSection
EndGlobal
