
Microsoft Visual Studio Solution File, Format Version 12.00
# Visual Studio Version 17
VisualStudioVersion = 17.7.34031.279
MinimumVisualStudioVersion = 10.0.40219.1
Project("{FAE04EC0-301F-11D3-BF4B-00C04F79EFBC}") = "30.09 praktika", "30.09 praktika\30.09 praktika.csproj", "{3DF79EED-172C-45EA-8555-FD139F8D3989}"
EndProject
Global
	GlobalSection(SolutionConfigurationPlatforms) = preSolution
		Debug|Any CPU = Debug|Any CPU
		Release|Any CPU = Release|Any CPU
	EndGlobalSection
	GlobalSection(ProjectConfigurationPlatforms) = postSolution
		{3DF79EED-172C-45EA-8555-FD139F8D3989}.Debug|Any CPU.ActiveCfg = Debug|Any CPU
		{3DF79EED-172C-45EA-8555-FD139F8D3989}.Debug|Any CPU.Build.0 = Debug|Any CPU
		{3DF79EED-172C-45EA-8555-FD139F8D3989}.Release|Any CPU.ActiveCfg = Release|Any CPU
		{3DF79EED-172C-45EA-8555-FD139F8D3989}.Release|Any CPU.Build.0 = Release|Any CPU
	EndGlobalSection
	GlobalSection(SolutionProperties) = preSolution
		HideSolutionNode = FALSE
	EndGlobalSection
	GlobalSection(ExtensibilityGlobals) = postSolution
		SolutionGuid = {DAB6383D-5C64-49B0-82BF-B09B8326A7F4}
	EndGlobalSection
EndGlobal
